
Microsoft Visual Studio Solution File, Format Version 12.00
# Visual Studio Version 17
VisualStudioVersion = 17.0.31903.59
MinimumVisualStudioVersion = 10.0.40219.1
Project("{2150E333-8FDC-42A3-9474-1A3956D46DE8}") = "src", "src", "{70A90582-CAE8-400C-91B1-03F901C652A2}"
EndProject
Project("{9A19103F-16F7-4668-BE54-9A1E7A4F7556}") = "DashboardApp", "src\DashboardApp\DashboardApp.csproj", "{70A11A0D-48B2-4962-8596-1884A2BB7708}"
EndProject
Project("{9A19103F-16F7-4668-BE54-9A1E7A4F7556}") = "InventoryApi", "src\InventoryApi\InventoryApi.csproj", "{801746EE-6C31-4CCD-A228-14C70EFE08BE}"
EndProject
Global
	GlobalSection(SolutionConfigurationPlatforms) = preSolution
		Debug|Any CPU = Debug|Any CPU
		Release|Any CPU = Release|Any CPU
	EndGlobalSection
	GlobalSection(ProjectConfigurationPlatforms) = postSolution
		{70A11A0D-48B2-4962-8596-1884A2BB7708}.Debug|Any CPU.ActiveCfg = Debug|Any CPU
		{70A11A0D-48B2-4962-8596-1884A2BB7708}.Debug|Any CPU.Build.0 = Debug|Any CPU
		{70A11A0D-48B2-4962-8596-1884A2BB7708}.Release|Any CPU.ActiveCfg = Release|Any CPU
		{70A11A0D-48B2-4962-8596-1884A2BB7708}.Release|Any CPU.Build.0 = Release|Any CPU
		{801746EE-6C31-4CCD-A228-14C70EFE08BE}.Debug|Any CPU.ActiveCfg = Debug|Any CPU
		{801746EE-6C31-4CCD-A228-14C70EFE08BE}.Debug|Any CPU.Build.0 = Debug|Any CPU
		{801746EE-6C31-4CCD-A228-14C70EFE08BE}.Release|Any CPU.ActiveCfg = Release|Any CPU
		{801746EE-6C31-4CCD-A228-14C70EFE08BE}.Release|Any CPU.Build.0 = Release|Any CPU
	EndGlobalSection
	GlobalSection(SolutionProperties) = preSolution
		HideSolutionNode = FALSE
	EndGlobalSection
	GlobalSection(NestedProjects) = preSolution
		{70A11A0D-48B2-4962-8596-1884A2BB7708} = {70A90582-CAE8-400C-91B1-03F901C652A2}
		{801746EE-6C31-4CCD-A228-14C70EFE08BE} = {70A90582-CAE8-400C-91B1-03F901C652A2}
	EndGlobalSection
	GlobalSection(ExtensibilityGlobals) = postSolution
		SolutionGuid = {A49D6BD1-7CD5-4689-B1F5-97C1BD16C28B}
	EndGlobalSection
EndGlobal
